
Microsoft Visual Studio Solution File, Format Version 12.00
# Visual Studio Version 17
VisualStudioVersion = 17.7.34202.233
MinimumVisualStudioVersion = 10.0.40219.1
Project("{2150E333-8FDC-42A3-9474-1A3956D46DE8}") = "N69", "N69", "{72281EFA-2DF0-45A7-BDCA-1932D53F5684}"
EndProject
Project("{2150E333-8FDC-42A3-9474-1A3956D46DE8}") = "N70", "N70", "{5127D935-F6EB-41DA-9C34-36EB6A43A834}"
EndProject
Project("{2150E333-8FDC-42A3-9474-1A3956D46DE8}") = "N71", "N71", "{B2AF7D29-590C-4667-94FC-9B3336B22480}"
EndProject
Project("{2150E333-8FDC-42A3-9474-1A3956D46DE8}") = "HomeTasks", "HomeTasks", "{E0ACFFA3-C7AA-4D93-9E56-7F604740D735}"
EndProject
Project("{2150E333-8FDC-42A3-9474-1A3956D46DE8}") = "HomeTasks", "HomeTasks", "{73CE3B06-A0F4-46FD-B75E-77E6B9599A61}"
EndProject
Project("{2150E333-8FDC-42A3-9474-1A3956D46DE8}") = "HomeTasks", "HomeTasks", "{9DD754A9-808E-4B34-B387-54F64E142D73}"
EndProject
Project("{FAE04EC0-301F-11D3-BF4B-00C04F79EFBC}") = "N70.Identity.Api", "N70.Identity.Api\N70.Identity.Api.csproj", "{094A2387-531D-4F99-9DF0-A308A7B5C253}"
EndProject
Project("{FAE04EC0-301F-11D3-BF4B-00C04F79EFBC}") = "N70.Identity.Persistence", "N70.Identity.Persistence\N70.Identity.Persistence.csproj", "{5FCF0621-C1D6-44EB-85B7-5EE6DFEA57E1}"
EndProject
Project("{FAE04EC0-301F-11D3-BF4B-00C04F79EFBC}") = "N70.Identity.Infrastructure", "N70.Identity.Infrastructure\N70.Identity.Infrastructure.csproj", "{85AC8F03-4EC2-4760-85AF-DCBEB75BC3CC}"
EndProject
Project("{FAE04EC0-301F-11D3-BF4B-00C04F79EFBC}") = "N70.Identity.Domain", "N70.Identity.Domain\N70.Identity.Domain.csproj", "{9B4E5DF1-A645-43F9-BB48-A55B84C168C2}"
EndProject
Project("{FAE04EC0-301F-11D3-BF4B-00C04F79EFBC}") = "N70.Identity.Application", "N70.Identity.Application\N70.Identity.Application.csproj", "{0F9FEE0D-FF94-486D-B6D4-8963D978EF70}"
EndProject
Global
	GlobalSection(SolutionConfigurationPlatforms) = preSolution
		Debug|Any CPU = Debug|Any CPU
		Release|Any CPU = Release|Any CPU
	EndGlobalSection
	GlobalSection(ProjectConfigurationPlatforms) = postSolution
		{094A2387-531D-4F99-9DF0-A308A7B5C253}.Debug|Any CPU.ActiveCfg = Debug|Any CPU
		{094A2387-531D-4F99-9DF0-A308A7B5C253}.Debug|Any CPU.Build.0 = Debug|Any CPU
		{094A2387-531D-4F99-9DF0-A308A7B5C253}.Release|Any CPU.ActiveCfg = Release|Any CPU
		{094A2387-531D-4F99-9DF0-A308A7B5C253}.Release|Any CPU.Build.0 = Release|Any CPU
		{5FCF0621-C1D6-44EB-85B7-5EE6DFEA57E1}.Debug|Any CPU.ActiveCfg = Debug|Any CPU
		{5FCF0621-C1D6-44EB-85B7-5EE6DFEA57E1}.Debug|Any CPU.Build.0 = Debug|Any CPU
		{5FCF0621-C1D6-44EB-85B7-5EE6DFEA57E1}.Release|Any CPU.ActiveCfg = Release|Any CPU
		{5FCF0621-C1D6-44EB-85B7-5EE6DFEA57E1}.Release|Any CPU.Build.0 = Release|Any CPU
		{85AC8F03-4EC2-4760-85AF-DCBEB75BC3CC}.Debug|Any CPU.ActiveCfg = Debug|Any CPU
		{85AC8F03-4EC2-4760-85AF-DCBEB75BC3CC}.Debug|Any CPU.Build.0 = Debug|Any CPU
		{85AC8F03-4EC2-4760-85AF-DCBEB75BC3CC}.Release|Any CPU.ActiveCfg = Release|Any CPU
		{85AC8F03-4EC2-4760-85AF-DCBEB75BC3CC}.Release|Any CPU.Build.0 = Release|Any CPU
		{9B4E5DF1-A645-43F9-BB48-A55B84C168C2}.Debug|Any CPU.ActiveCfg = Debug|Any CPU
		{9B4E5DF1-A645-43F9-BB48-A55B84C168C2}.Debug|Any CPU.Build.0 = Debug|Any CPU
		{9B4E5DF1-A645-43F9-BB48-A55B84C168C2}.Release|Any CPU.ActiveCfg = Release|Any CPU
		{9B4E5DF1-A645-43F9-BB48-A55B84C168C2}.Release|Any CPU.Build.0 = Release|Any CPU
		{0F9FEE0D-FF94-486D-B6D4-8963D978EF70}.Debug|Any CPU.ActiveCfg = Debug|Any CPU
		{0F9FEE0D-FF94-486D-B6D4-8963D978EF70}.Debug|Any CPU.Build.0 = Debug|Any CPU
		{0F9FEE0D-FF94-486D-B6D4-8963D978EF70}.Release|Any CPU.ActiveCfg = Release|Any CPU
		{0F9FEE0D-FF94-486D-B6D4-8963D978EF70}.Release|Any CPU.Build.0 = Release|Any CPU
	EndGlobalSection
	GlobalSection(SolutionProperties) = preSolution
		HideSolutionNode = FALSE
	EndGlobalSection
	GlobalSection(NestedProjects) = preSolution
		{E0ACFFA3-C7AA-4D93-9E56-7F604740D735} = {B2AF7D29-590C-4667-94FC-9B3336B22480}
		{73CE3B06-A0F4-46FD-B75E-77E6B9599A61} = {72281EFA-2DF0-45A7-BDCA-1932D53F5684}
		{9DD754A9-808E-4B34-B387-54F64E142D73} = {5127D935-F6EB-41DA-9C34-36EB6A43A834}
		{094A2387-531D-4F99-9DF0-A308A7B5C253} = {9DD754A9-808E-4B34-B387-54F64E142D73}
		{5FCF0621-C1D6-44EB-85B7-5EE6DFEA57E1} = {9DD754A9-808E-4B34-B387-54F64E142D73}
		{85AC8F03-4EC2-4760-85AF-DCBEB75BC3CC} = {9DD754A9-808E-4B34-B387-54F64E142D73}
		{9B4E5DF1-A645-43F9-BB48-A55B84C168C2} = {9DD754A9-808E-4B34-B387-54F64E142D73}
		{0F9FEE0D-FF94-486D-B6D4-8963D978EF70} = {9DD754A9-808E-4B34-B387-54F64E142D73}
	EndGlobalSection
	GlobalSection(ExtensibilityGlobals) = postSolution
		SolutionGuid = {9706697A-D363-4C6B-AD9E-407D4F9CED69}
	EndGlobalSection
EndGlobal
