
Microsoft Visual Studio Solution File, Format Version 12.00
# Visual Studio Version 17
VisualStudioVersion = 17.7.34202.233
MinimumVisualStudioVersion = 10.0.40219.1
Project("{2150E333-8FDC-42A3-9474-1A3956D46DE8}") = "N69", "N69", "{72281EFA-2DF0-45A7-BDCA-1932D53F5684}"
EndProject
Project("{2150E333-8FDC-42A3-9474-1A3956D46DE8}") = "N70", "N70", "{5127D935-F6EB-41DA-9C34-36EB6A43A834}"
EndProject
Project("{2150E333-8FDC-42A3-9474-1A3956D46DE8}") = "N71", "N71", "{B2AF7D29-590C-4667-94FC-9B3336B22480}"
EndProject
Project("{2150E333-8FDC-42A3-9474-1A3956D46DE8}") = "HomeTasks", "HomeTasks", "{E0ACFFA3-C7AA-4D93-9E56-7F604740D735}"
EndProject
Project("{2150E333-8FDC-42A3-9474-1A3956D46DE8}") = "HomeTasks", "HomeTasks", "{73CE3B06-A0F4-46FD-B75E-77E6B9599A61}"
EndProject
Project("{2150E333-8FDC-42A3-9474-1A3956D46DE8}") = "HomeTasks", "HomeTasks", "{9DD754A9-808E-4B34-B387-54F64E142D73}"
EndProject
Project("{9A19103F-16F7-4668-BE54-9A1E7A4F7556}") = "N70.Identity.Api", "N70.Identity.Api\N70.Identity.Api.csproj", "{094A2387-531D-4F99-9DF0-A308A7B5C253}"
EndProject
Project("{9A19103F-16F7-4668-BE54-9A1E7A4F7556}") = "N70.Identity.Persistence", "N70.Identity.Persistence\N70.Identity.Persistence.csproj", "{5FCF0621-C1D6-44EB-85B7-5EE6DFEA57E1}"
EndProject
Project("{9A19103F-16F7-4668-BE54-9A1E7A4F7556}") = "N70.Identity.Infrastructure", "N70.Identity.Infrastructure\N70.Identity.Infrastructure.csproj", "{85AC8F03-4EC2-4760-85AF-DCBEB75BC3CC}"
EndProject
Project("{9A19103F-16F7-4668-BE54-9A1E7A4F7556}") = "N70.Identity.Domain", "N70.Identity.Domain\N70.Identity.Domain.csproj", "{9B4E5DF1-A645-43F9-BB48-A55B84C168C2}"
EndProject
Project("{9A19103F-16F7-4668-BE54-9A1E7A4F7556}") = "N70.Identity.Application", "N70.Identity.Application\N70.Identity.Application.csproj", "{0F9FEE0D-FF94-486D-B6D4-8963D978EF70}"
EndProject
Project("{2150E333-8FDC-42A3-9474-1A3956D46DE8}") = "N73", "N73", "{CE628B98-223F-484E-9F62-E57914B2C632}"
EndProject
Project("{2150E333-8FDC-42A3-9474-1A3956D46DE8}") = "HomeTasks", "HomeTasks", "{EEC81771-89BB-4DE6-A56F-E27308453EF1}"
EndProject
Project("{9A19103F-16F7-4668-BE54-9A1E7A4F7556}") = "Notification.Api", "Notification.Api\Notification.Api.csproj", "{A7B018AC-33A1-499C-9067-7AD9076327ED}"
EndProject
Project("{9A19103F-16F7-4668-BE54-9A1E7A4F7556}") = "Notification.Persistence", "Notification.Persistence\Notification.Persistence.csproj", "{A3F6705A-6F51-4124-B279-DC586BC153D5}"
EndProject
Project("{9A19103F-16F7-4668-BE54-9A1E7A4F7556}") = "Notification.Domain", "Notification.Domain\Notification.Domain.csproj", "{9FC317C2-77C2-443B-828A-490791D92BE3}"
EndProject
Project("{9A19103F-16F7-4668-BE54-9A1E7A4F7556}") = "Notification.Infrastructure", "Notification.Infrastructure\Notification.Infrastructure.csproj", "{9022787E-4803-4896-91F8-650B4D3F038F}"
EndProject
Project("{9A19103F-16F7-4668-BE54-9A1E7A4F7556}") = "Notification.Application", "Notification.Application\Notification.Application.csproj", "{D56B1728-F7BF-47E8-8D45-FC284A9132DE}"
EndProject
Project("{2150E333-8FDC-42A3-9474-1A3956D46DE8}") = "N76", "N76", "{A998386C-ABA2-477F-9DA9-843A448959F0}"
EndProject
Project("{2150E333-8FDC-42A3-9474-1A3956D46DE8}") = "HomeTasks", "HomeTasks", "{9EE57280-2CCF-45F3-AC33-78E94EC04D80}"
EndProject
Project("{9A19103F-16F7-4668-BE54-9A1E7A4F7556}") = "Interceptor.Api", "Interceptor.Api\Interceptor.Api.csproj", "{1CAF3C9D-9201-4548-A7AE-394ED12CDB33}"
EndProject
Project("{9A19103F-16F7-4668-BE54-9A1E7A4F7556}") = "Interceptor.Infrastructure", "Interceptor.Infrastructure\Interceptor.Infrastructure.csproj", "{02340F2A-C951-4E38-A8B7-3976AEA4CA07}"
EndProject
Project("{9A19103F-16F7-4668-BE54-9A1E7A4F7556}") = "Interceptor.Persistence", "Interceptor.Persistence\Interceptor.Persistence.csproj", "{E18DB1E2-CB7A-4FBF-B665-B4A725C4DC4D}"
EndProject
Project("{9A19103F-16F7-4668-BE54-9A1E7A4F7556}") = "Interceptor.Application", "Interceptor.Application\Interceptor.Application.csproj", "{9A1644A3-923C-435B-AC3D-E868F9B4AB26}"
EndProject
Project("{9A19103F-16F7-4668-BE54-9A1E7A4F7556}") = "Interceptor.Domain", "Interceptor.Domain\Interceptor.Domain.csproj", "{E2CA0951-1457-4B46-B4D4-0A443C815A15}"
EndProject
Project("{FAE04EC0-301F-11D3-BF4B-00C04F79EFBC}") = "Blog.Persistence", "Blog.Persistence\Blog.Persistence.csproj", "{D70B6F56-AA04-4A3E-853A-080B171CC7DC}"
EndProject
Project("{FAE04EC0-301F-11D3-BF4B-00C04F79EFBC}") = "Blog.Application", "Blog.Application\Blog.Application.csproj", "{60A5A71F-B4A3-41E1-8873-418414B6CA37}"
EndProject
Project("{FAE04EC0-301F-11D3-BF4B-00C04F79EFBC}") = "Blog.Domain", "Blog.Domain\Blog.Domain.csproj", "{6E845977-69BF-401F-8AA0-CD9A62D7A4ED}"
EndProject
Project("{FAE04EC0-301F-11D3-BF4B-00C04F79EFBC}") = "Blog.Infrastructure", "Blog.Infrastructure\Blog.Infrastructure.csproj", "{1824017D-6ABE-44B2-BFE1-B24256705F0C}"
EndProject
Project("{FAE04EC0-301F-11D3-BF4B-00C04F79EFBC}") = "Blog.Api", "Blog.Api\Blog.Api.csproj", "{957ECC70-83BD-4438-85F7-440DD9D3DFA4}"
EndProject
Global
	GlobalSection(SolutionConfigurationPlatforms) = preSolution
		Debug|Any CPU = Debug|Any CPU
		Release|Any CPU = Release|Any CPU
	EndGlobalSection
	GlobalSection(ProjectConfigurationPlatforms) = postSolution
		{094A2387-531D-4F99-9DF0-A308A7B5C253}.Debug|Any CPU.ActiveCfg = Debug|Any CPU
		{094A2387-531D-4F99-9DF0-A308A7B5C253}.Debug|Any CPU.Build.0 = Debug|Any CPU
		{094A2387-531D-4F99-9DF0-A308A7B5C253}.Release|Any CPU.ActiveCfg = Release|Any CPU
		{094A2387-531D-4F99-9DF0-A308A7B5C253}.Release|Any CPU.Build.0 = Release|Any CPU
		{5FCF0621-C1D6-44EB-85B7-5EE6DFEA57E1}.Debug|Any CPU.ActiveCfg = Debug|Any CPU
		{5FCF0621-C1D6-44EB-85B7-5EE6DFEA57E1}.Debug|Any CPU.Build.0 = Debug|Any CPU
		{5FCF0621-C1D6-44EB-85B7-5EE6DFEA57E1}.Release|Any CPU.ActiveCfg = Release|Any CPU
		{5FCF0621-C1D6-44EB-85B7-5EE6DFEA57E1}.Release|Any CPU.Build.0 = Release|Any CPU
		{85AC8F03-4EC2-4760-85AF-DCBEB75BC3CC}.Debug|Any CPU.ActiveCfg = Debug|Any CPU
		{85AC8F03-4EC2-4760-85AF-DCBEB75BC3CC}.Debug|Any CPU.Build.0 = Debug|Any CPU
		{85AC8F03-4EC2-4760-85AF-DCBEB75BC3CC}.Release|Any CPU.ActiveCfg = Release|Any CPU
		{85AC8F03-4EC2-4760-85AF-DCBEB75BC3CC}.Release|Any CPU.Build.0 = Release|Any CPU
		{9B4E5DF1-A645-43F9-BB48-A55B84C168C2}.Debug|Any CPU.ActiveCfg = Debug|Any CPU
		{9B4E5DF1-A645-43F9-BB48-A55B84C168C2}.Debug|Any CPU.Build.0 = Debug|Any CPU
		{9B4E5DF1-A645-43F9-BB48-A55B84C168C2}.Release|Any CPU.ActiveCfg = Release|Any CPU
		{9B4E5DF1-A645-43F9-BB48-A55B84C168C2}.Release|Any CPU.Build.0 = Release|Any CPU
		{0F9FEE0D-FF94-486D-B6D4-8963D978EF70}.Debug|Any CPU.ActiveCfg = Debug|Any CPU
		{0F9FEE0D-FF94-486D-B6D4-8963D978EF70}.Debug|Any CPU.Build.0 = Debug|Any CPU
		{0F9FEE0D-FF94-486D-B6D4-8963D978EF70}.Release|Any CPU.ActiveCfg = Release|Any CPU
		{0F9FEE0D-FF94-486D-B6D4-8963D978EF70}.Release|Any CPU.Build.0 = Release|Any CPU
		{A7B018AC-33A1-499C-9067-7AD9076327ED}.Debug|Any CPU.ActiveCfg = Debug|Any CPU
		{A7B018AC-33A1-499C-9067-7AD9076327ED}.Debug|Any CPU.Build.0 = Debug|Any CPU
		{A7B018AC-33A1-499C-9067-7AD9076327ED}.Release|Any CPU.ActiveCfg = Release|Any CPU
		{A7B018AC-33A1-499C-9067-7AD9076327ED}.Release|Any CPU.Build.0 = Release|Any CPU
		{A3F6705A-6F51-4124-B279-DC586BC153D5}.Debug|Any CPU.ActiveCfg = Debug|Any CPU
		{A3F6705A-6F51-4124-B279-DC586BC153D5}.Debug|Any CPU.Build.0 = Debug|Any CPU
		{A3F6705A-6F51-4124-B279-DC586BC153D5}.Release|Any CPU.ActiveCfg = Release|Any CPU
		{A3F6705A-6F51-4124-B279-DC586BC153D5}.Release|Any CPU.Build.0 = Release|Any CPU
		{9FC317C2-77C2-443B-828A-490791D92BE3}.Debug|Any CPU.ActiveCfg = Debug|Any CPU
		{9FC317C2-77C2-443B-828A-490791D92BE3}.Debug|Any CPU.Build.0 = Debug|Any CPU
		{9FC317C2-77C2-443B-828A-490791D92BE3}.Release|Any CPU.ActiveCfg = Release|Any CPU
		{9FC317C2-77C2-443B-828A-490791D92BE3}.Release|Any CPU.Build.0 = Release|Any CPU
		{9022787E-4803-4896-91F8-650B4D3F038F}.Debug|Any CPU.ActiveCfg = Debug|Any CPU
		{9022787E-4803-4896-91F8-650B4D3F038F}.Debug|Any CPU.Build.0 = Debug|Any CPU
		{9022787E-4803-4896-91F8-650B4D3F038F}.Release|Any CPU.ActiveCfg = Release|Any CPU
		{9022787E-4803-4896-91F8-650B4D3F038F}.Release|Any CPU.Build.0 = Release|Any CPU
		{D56B1728-F7BF-47E8-8D45-FC284A9132DE}.Debug|Any CPU.ActiveCfg = Debug|Any CPU
		{D56B1728-F7BF-47E8-8D45-FC284A9132DE}.Debug|Any CPU.Build.0 = Debug|Any CPU
		{D56B1728-F7BF-47E8-8D45-FC284A9132DE}.Release|Any CPU.ActiveCfg = Release|Any CPU
		{D56B1728-F7BF-47E8-8D45-FC284A9132DE}.Release|Any CPU.Build.0 = Release|Any CPU
		{1CAF3C9D-9201-4548-A7AE-394ED12CDB33}.Debug|Any CPU.ActiveCfg = Debug|Any CPU
		{1CAF3C9D-9201-4548-A7AE-394ED12CDB33}.Debug|Any CPU.Build.0 = Debug|Any CPU
		{1CAF3C9D-9201-4548-A7AE-394ED12CDB33}.Release|Any CPU.ActiveCfg = Release|Any CPU
		{1CAF3C9D-9201-4548-A7AE-394ED12CDB33}.Release|Any CPU.Build.0 = Release|Any CPU
		{02340F2A-C951-4E38-A8B7-3976AEA4CA07}.Debug|Any CPU.ActiveCfg = Debug|Any CPU
		{02340F2A-C951-4E38-A8B7-3976AEA4CA07}.Debug|Any CPU.Build.0 = Debug|Any CPU
		{02340F2A-C951-4E38-A8B7-3976AEA4CA07}.Release|Any CPU.ActiveCfg = Release|Any CPU
		{02340F2A-C951-4E38-A8B7-3976AEA4CA07}.Release|Any CPU.Build.0 = Release|Any CPU
		{E18DB1E2-CB7A-4FBF-B665-B4A725C4DC4D}.Debug|Any CPU.ActiveCfg = Debug|Any CPU
		{E18DB1E2-CB7A-4FBF-B665-B4A725C4DC4D}.Debug|Any CPU.Build.0 = Debug|Any CPU
		{E18DB1E2-CB7A-4FBF-B665-B4A725C4DC4D}.Release|Any CPU.ActiveCfg = Release|Any CPU
		{E18DB1E2-CB7A-4FBF-B665-B4A725C4DC4D}.Release|Any CPU.Build.0 = Release|Any CPU
		{9A1644A3-923C-435B-AC3D-E868F9B4AB26}.Debug|Any CPU.ActiveCfg = Debug|Any CPU
		{9A1644A3-923C-435B-AC3D-E868F9B4AB26}.Debug|Any CPU.Build.0 = Debug|Any CPU
		{9A1644A3-923C-435B-AC3D-E868F9B4AB26}.Release|Any CPU.ActiveCfg = Release|Any CPU
		{9A1644A3-923C-435B-AC3D-E868F9B4AB26}.Release|Any CPU.Build.0 = Release|Any CPU
		{E2CA0951-1457-4B46-B4D4-0A443C815A15}.Debug|Any CPU.ActiveCfg = Debug|Any CPU
		{E2CA0951-1457-4B46-B4D4-0A443C815A15}.Debug|Any CPU.Build.0 = Debug|Any CPU
		{E2CA0951-1457-4B46-B4D4-0A443C815A15}.Release|Any CPU.ActiveCfg = Release|Any CPU
		{E2CA0951-1457-4B46-B4D4-0A443C815A15}.Release|Any CPU.Build.0 = Release|Any CPU
		{D70B6F56-AA04-4A3E-853A-080B171CC7DC}.Debug|Any CPU.ActiveCfg = Debug|Any CPU
		{D70B6F56-AA04-4A3E-853A-080B171CC7DC}.Debug|Any CPU.Build.0 = Debug|Any CPU
		{D70B6F56-AA04-4A3E-853A-080B171CC7DC}.Release|Any CPU.ActiveCfg = Release|Any CPU
		{D70B6F56-AA04-4A3E-853A-080B171CC7DC}.Release|Any CPU.Build.0 = Release|Any CPU
		{60A5A71F-B4A3-41E1-8873-418414B6CA37}.Debug|Any CPU.ActiveCfg = Debug|Any CPU
		{60A5A71F-B4A3-41E1-8873-418414B6CA37}.Debug|Any CPU.Build.0 = Debug|Any CPU
		{60A5A71F-B4A3-41E1-8873-418414B6CA37}.Release|Any CPU.ActiveCfg = Release|Any CPU
		{60A5A71F-B4A3-41E1-8873-418414B6CA37}.Release|Any CPU.Build.0 = Release|Any CPU
		{6E845977-69BF-401F-8AA0-CD9A62D7A4ED}.Debug|Any CPU.ActiveCfg = Debug|Any CPU
		{6E845977-69BF-401F-8AA0-CD9A62D7A4ED}.Debug|Any CPU.Build.0 = Debug|Any CPU
		{6E845977-69BF-401F-8AA0-CD9A62D7A4ED}.Release|Any CPU.ActiveCfg = Release|Any CPU
		{6E845977-69BF-401F-8AA0-CD9A62D7A4ED}.Release|Any CPU.Build.0 = Release|Any CPU
		{1824017D-6ABE-44B2-BFE1-B24256705F0C}.Debug|Any CPU.ActiveCfg = Debug|Any CPU
		{1824017D-6ABE-44B2-BFE1-B24256705F0C}.Debug|Any CPU.Build.0 = Debug|Any CPU
		{1824017D-6ABE-44B2-BFE1-B24256705F0C}.Release|Any CPU.ActiveCfg = Release|Any CPU
		{1824017D-6ABE-44B2-BFE1-B24256705F0C}.Release|Any CPU.Build.0 = Release|Any CPU
		{957ECC70-83BD-4438-85F7-440DD9D3DFA4}.Debug|Any CPU.ActiveCfg = Debug|Any CPU
		{957ECC70-83BD-4438-85F7-440DD9D3DFA4}.Debug|Any CPU.Build.0 = Debug|Any CPU
		{957ECC70-83BD-4438-85F7-440DD9D3DFA4}.Release|Any CPU.ActiveCfg = Release|Any CPU
		{957ECC70-83BD-4438-85F7-440DD9D3DFA4}.Release|Any CPU.Build.0 = Release|Any CPU
	EndGlobalSection
	GlobalSection(SolutionProperties) = preSolution
		HideSolutionNode = FALSE
	EndGlobalSection
	GlobalSection(NestedProjects) = preSolution
		{E0ACFFA3-C7AA-4D93-9E56-7F604740D735} = {B2AF7D29-590C-4667-94FC-9B3336B22480}
		{73CE3B06-A0F4-46FD-B75E-77E6B9599A61} = {72281EFA-2DF0-45A7-BDCA-1932D53F5684}
		{9DD754A9-808E-4B34-B387-54F64E142D73} = {5127D935-F6EB-41DA-9C34-36EB6A43A834}
		{094A2387-531D-4F99-9DF0-A308A7B5C253} = {9DD754A9-808E-4B34-B387-54F64E142D73}
		{5FCF0621-C1D6-44EB-85B7-5EE6DFEA57E1} = {9DD754A9-808E-4B34-B387-54F64E142D73}
		{85AC8F03-4EC2-4760-85AF-DCBEB75BC3CC} = {9DD754A9-808E-4B34-B387-54F64E142D73}
		{9B4E5DF1-A645-43F9-BB48-A55B84C168C2} = {9DD754A9-808E-4B34-B387-54F64E142D73}
		{0F9FEE0D-FF94-486D-B6D4-8963D978EF70} = {9DD754A9-808E-4B34-B387-54F64E142D73}
		{EEC81771-89BB-4DE6-A56F-E27308453EF1} = {CE628B98-223F-484E-9F62-E57914B2C632}
		{A7B018AC-33A1-499C-9067-7AD9076327ED} = {EEC81771-89BB-4DE6-A56F-E27308453EF1}
		{A3F6705A-6F51-4124-B279-DC586BC153D5} = {EEC81771-89BB-4DE6-A56F-E27308453EF1}
		{9FC317C2-77C2-443B-828A-490791D92BE3} = {EEC81771-89BB-4DE6-A56F-E27308453EF1}
		{9022787E-4803-4896-91F8-650B4D3F038F} = {EEC81771-89BB-4DE6-A56F-E27308453EF1}
		{D56B1728-F7BF-47E8-8D45-FC284A9132DE} = {EEC81771-89BB-4DE6-A56F-E27308453EF1}
		{9EE57280-2CCF-45F3-AC33-78E94EC04D80} = {A998386C-ABA2-477F-9DA9-843A448959F0}
		{1CAF3C9D-9201-4548-A7AE-394ED12CDB33} = {9EE57280-2CCF-45F3-AC33-78E94EC04D80}
		{02340F2A-C951-4E38-A8B7-3976AEA4CA07} = {9EE57280-2CCF-45F3-AC33-78E94EC04D80}
		{E18DB1E2-CB7A-4FBF-B665-B4A725C4DC4D} = {9EE57280-2CCF-45F3-AC33-78E94EC04D80}
		{9A1644A3-923C-435B-AC3D-E868F9B4AB26} = {9EE57280-2CCF-45F3-AC33-78E94EC04D80}
		{E2CA0951-1457-4B46-B4D4-0A443C815A15} = {9EE57280-2CCF-45F3-AC33-78E94EC04D80}
		{D70B6F56-AA04-4A3E-853A-080B171CC7DC} = {E0ACFFA3-C7AA-4D93-9E56-7F604740D735}
		{60A5A71F-B4A3-41E1-8873-418414B6CA37} = {E0ACFFA3-C7AA-4D93-9E56-7F604740D735}
		{6E845977-69BF-401F-8AA0-CD9A62D7A4ED} = {E0ACFFA3-C7AA-4D93-9E56-7F604740D735}
		{1824017D-6ABE-44B2-BFE1-B24256705F0C} = {E0ACFFA3-C7AA-4D93-9E56-7F604740D735}
		{957ECC70-83BD-4438-85F7-440DD9D3DFA4} = {E0ACFFA3-C7AA-4D93-9E56-7F604740D735}
	EndGlobalSection
	GlobalSection(ExtensibilityGlobals) = postSolution
		SolutionGuid = {9706697A-D363-4C6B-AD9E-407D4F9CED69}
	EndGlobalSection
EndGlobal
